{
  "requires": true,
  "lockfileVersion": 1,
  "dependencies": {
    "@vuepress/plugin-back-to-top": {
      "version": "1.0.0-alpha.44",
      "resolved": "https://registry.npmjs.org/@vuepress/plugin-back-to-top/-/plugin-back-to-top-1.0.0-alpha.44.tgz",
      "integrity": "sha512-h2jbvWEDwphoQQ6dq+dvEcFc4gbXFSuUgA7yqfQkqTdtxLnEOkFV5CXoUKhMMJyPR4PqBO6Z4n361BYpSvTwuQ==",
      "requires": {
        "lodash.debounce": "4.0.8"
      }
    },
    "eve-raphael": {
      "version": "0.5.0",
      "resolved": "https://registry.npmjs.org/eve-raphael/-/eve-raphael-0.5.0.tgz",
      "integrity": "sha1-F8dUt5K+7z+maE15z1pHxjxM2jA="
    },
    "flowchart.js": {
      "version": "1.11.3",
      "resolved": "https://registry.npmjs.org/flowchart.js/-/flowchart.js-1.11.3.tgz",
      "integrity": "sha512-Hk5vKKsEjYp/Vt4gSRBx39z+6OLwkg3top/EQ4antpZXCVrHLajVGWEqhCPeEBixhzDxAtHdRn4aFEtRhlTzHA==",
      "requires": {
        "raphael": "2.2.7"
      }
    },
    "lodash.debounce": {
      "version": "4.0.8",
      "resolved": "https://registry.npmjs.org/lodash.debounce/-/lodash.debounce-4.0.8.tgz",
      "integrity": "sha1-gteb/zCmfEAF/9XiUVMArZyk168="
    },
    "raphael": {
      "version": "2.2.7",
      "resolved": "https://registry.npmjs.org/raphael/-/raphael-2.2.7.tgz",
      "integrity": "sha1-IxsZFB+NCGmG2PrOtm+LVi7iyBA=",
      "requires": {
        "eve-raphael": "0.5.0"
      }
    },
    "vuepress-plugin-flowchart": {
      "version": "1.4.3",
      "resolved": "https://registry.npmjs.org/vuepress-plugin-flowchart/-/vuepress-plugin-flowchart-1.4.3.tgz",
      "integrity": "sha512-Vyhh2xiCvMoubwBBDdre5u2tekp3B0N9vGDxAbgHUJH5L6V1venq1pWsbhKi9Wmr2Pa/yOTq3se1ji2w/kDr+A==",
      "requires": {
        "flowchart.js": "1.11.3"
      }
    }
  }
}
