# THIS IS AN AUTOGENERATED FILE. DO NOT EDIT THIS FILE DIRECTLY.
# yarn lockfile v1


"@vuepress/plugin-back-to-top@^1.0.0-alpha.44":
  version "1.0.0-alpha.44"
  resolved "https://registry.yarnpkg.com/@vuepress/plugin-back-to-top/-/plugin-back-to-top-1.0.0-alpha.44.tgz#e480c23283118a8c90c3291ad1acbae593cf333c"
  dependencies:
    lodash.debounce "^4.0.8"

eve-raphael@0.5.0:
  version "0.5.0"
  resolved "https://registry.yarnpkg.com/eve-raphael/-/eve-raphael-0.5.0.tgz#17c754b792beef3fa6684d79cf5a47c63c4cda30"

flowchart.js@^1.11.3:
  version "1.11.3"
  resolved "https://registry.yarnpkg.com/flowchart.js/-/flowchart.js-1.11.3.tgz#e27e2c2bb5ed0e78bea403f1370a0ea3dfe274dd"
  dependencies:
    raphael "2.2.7"

lodash.debounce@^4.0.8:
  version "4.0.8"
  resolved "https://registry.yarnpkg.com/lodash.debounce/-/lodash.debounce-4.0.8.tgz#82d79bff30a67c4005ffd5e2515300ad9ca4d7af"

raphael@2.2.7:
  version "2.2.7"
  resolved "https://registry.yarnpkg.com/raphael/-/raphael-2.2.7.tgz#231b19141f8d086986d8faceb66f8b562ee2c810"
  dependencies:
    eve-raphael "0.5.0"

vuepress-plugin-flowchart@^1.4.3:
  version "1.4.3"
  resolved "https://registry.yarnpkg.com/vuepress-plugin-flowchart/-/vuepress-plugin-flowchart-1.4.3.tgz#1692807257c9ba02f764ced0caf930c627f65bdb"
  dependencies:
    flowchart.js "^1.11.3"
